{
	"name": "@dawlet/factory",
	"version": "0.10.0",
	"lockfileVersion": 3,
	"requires": true,
	"packages": {
		"": {
			"name": "@dawlet/factory",
			"version": "0.10.0",
			"license": "ISC",
			"devDependencies": {
				"@types/faker": "5.1.2",
				"@types/rosie": "0.0.40",
				"faker": "5.1.0",
				"rosie": "2.1.0",
				"typescript": "4.4.4"
			}
		},
		"node_modules/@types/faker": {
			"version": "5.1.2",
			"resolved": "https://registry.npmjs.org/@types/faker/-/faker-5.1.2.tgz",
			"integrity": "sha512-a3FADSHjjinczCwr7tTejoMZzbSS5vi70VCyns4C1idxJrDSRGZCQG0s27YppXLcoWrBOkwBbBsZ9vDRDpQK7A==",
			"dev": true
		},
		"node_modules/@types/rosie": {
			"version": "0.0.40",
			"resolved": "https://registry.npmjs.org/@types/rosie/-/rosie-0.0.40.tgz",
			"integrity": "sha512-Snog8oO88AXDhFG1BHPkKSg2urcGhyA+/fqQUuc4Abejt+HHrc2VszujyJGVBlN6DD8Gnp3PV5rogs3uYt/ZOA==",
			"dev": true
		},
		"node_modules/faker": {
			"version": "5.1.0",
			"resolved": "https://registry.npmjs.org/faker/-/faker-5.1.0.tgz",
			"integrity": "sha512-RrWKFSSA/aNLP0g3o2WW1Zez7/MnMr7xkiZmoCfAGZmdkDQZ6l2KtuXHN5XjdvpRjDl8+3vf+Rrtl06Z352+Mw==",
			"dev": true
		},
		"node_modules/rosie": {
			"version": "2.1.0",
			"resolved": "https://registry.npmjs.org/rosie/-/rosie-2.1.0.tgz",
			"integrity": "sha512-Dbzdc+prLXZuB/suRptDnBUY29SdGvND3bLg6cll8n7PNqzuyCxSlRfrkn8PqjS9n4QVsiM7RCvxCkKAkTQRjA==",
			"dev": true,
			"engines": {
				"node": ">=10"
			}
		},
		"node_modules/typescript": {
			"version": "4.4.4",
			"resolved": "https://registry.npmjs.org/typescript/-/typescript-4.4.4.tgz",
			"integrity": "sha512-DqGhF5IKoBl8WNf8C1gu8q0xZSInh9j1kJJMqT3a94w1JzVaBU4EXOSMrz9yDqMT0xt3selp83fuFMQ0uzv6qA==",
			"dev": true,
			"bin": {
				"tsc": "bin/tsc",
				"tsserver": "bin/tsserver"
			},
			"engines": {
				"node": ">=4.2.0"
			}
		}
	}
}
